
Microsoft Visual Studio Solution File, Format Version 12.00
# Visual Studio 15
VisualStudioVersion = 15.0.28306.52
MinimumVisualStudioVersion = 10.0.40219.1
Project("{8BC9CEB8-8B4A-11D0-8D11-00A0C91BC942}") = "CA_QuickMerge", "CA_QuickMerge\CA_QuickMerge.vcxproj", "{14798817-F479-40EC-A13A-D6FADCD9077E}"
EndProject
Global
	GlobalSection(SolutionConfigurationPlatforms) = preSolution
		Debug|x64 = Debug|x64
		Debug|x86 = Debug|x86
		Release|x64 = Release|x64
		Release|x86 = Release|x86
	EndGlobalSection
	GlobalSection(ProjectConfigurationPlatforms) = postSolution
		{14798817-F479-40EC-A13A-D6FADCD9077E}.Debug|x64.ActiveCfg = Debug|x64
		{14798817-F479-40EC-A13A-D6FADCD9077E}.Debug|x64.Build.0 = Debug|x64
		{14798817-F479-40EC-A13A-D6FADCD9077E}.Debug|x86.ActiveCfg = Debug|Win32
		{14798817-F479-40EC-A13A-D6FADCD9077E}.Debug|x86.Build.0 = Debug|Win32
		{14798817-F479-40EC-A13A-D6FADCD9077E}.Release|x64.ActiveCfg = Release|x64
		{14798817-F479-40EC-A13A-D6FADCD9077E}.Release|x64.Build.0 = Release|x64
		{14798817-F479-40EC-A13A-D6FADCD9077E}.Release|x86.ActiveCfg = Release|Win32
		{14798817-F479-40EC-A13A-D6FADCD9077E}.Release|x86.Build.0 = Release|Win32
	EndGlobalSection
	GlobalSection(SolutionProperties) = preSolution
		HideSolutionNode = FALSE
	EndGlobalSection
	GlobalSection(ExtensibilityGlobals) = postSolution
		SolutionGuid = {FEAD4EAF-DEAD-46D2-AFC1-0216E1F32EA7}
	EndGlobalSection
EndGlobal
